// !$*UTF8*$!
{
	archiveVersion = 1;
	classes = {
	};
	objectVersion = 46;
	objects = {

/* Begin PBXBuildFile section */
		4102B14BD1CAEC631690B069 /* Pods_PhotoLibrary.framework in Frameworks */ = {isa = PBXBuildFile; fileRef = 5A3B33D4E5F8611966B21B75 /* Pods_PhotoLibrary.framework */; };
		D260A5651E5AD4DA0069EFDE /* main.m in Sources */ = {isa = PBXBuildFile; fileRef = D260A5641E5AD4DA0069EFDE /* main.m */; };
		D260A5681E5AD4DA0069EFDE /* AppDelegate.m in Sources */ = {isa = PBXBuildFile; fileRef = D260A5671E5AD4DA0069EFDE /* AppDelegate.m */; };
		D260A56B1E5AD4DA0069EFDE /* ViewController.m in Sources */ = {isa = PBXBuildFile; fileRef = D260A56A1E5AD4DA0069EFDE /* ViewController.m */; };
		D260A56E1E5AD4DA0069EFDE /* Main.storyboard in Resources */ = {isa = PBXBuildFile; fileRef = D260A56C1E5AD4DA0069EFDE /* Main.storyboard */; };
		D260A5701E5AD4DA0069EFDE /* Assets.xcassets in Resources */ = {isa = PBXBuildFile; fileRef = D260A56F1E5AD4DA0069EFDE /* Assets.xcassets */; };
		D260A5731E5AD4DA0069EFDE /* LaunchScreen.storyboard in Resources */ = {isa = PBXBuildFile; fileRef = D260A5711E5AD4DA0069EFDE /* LaunchScreen.storyboard */; };
		D260A57E1E5AD4DB0069EFDE /* PhotoLibraryTests.m in Sources */ = {isa = PBXBuildFile; fileRef = D260A57D1E5AD4DB0069EFDE /* PhotoLibraryTests.m */; };
		D260A5891E5AD4DB0069EFDE /* PhotoLibraryUITests.m in Sources */ = {isa = PBXBuildFile; fileRef = D260A5881E5AD4DB0069EFDE /* PhotoLibraryUITests.m */; };
		D260A5981E5AD62F0069EFDE /* NavViewController.m in Sources */ = {isa = PBXBuildFile; fileRef = D260A5971E5AD62F0069EFDE /* NavViewController.m */; };
		D260A6631E5AD9E80069EFDE /* CTAssetsPicker.strings in Resources */ = {isa = PBXBuildFile; fileRef = D260A6491E5AD9E80069EFDE /* CTAssetsPicker.strings */; };
		D260A6B91E5C45AC0069EFDE /* FileHash.m in Sources */ = {isa = PBXBuildFile; fileRef = D260A6B81E5C45AC0069EFDE /* FileHash.m */; };
		D260A6BB1E5C4CA20069EFDE /* B84E8479-475C-4727-A4A4-B77AA9980897.png in Resources */ = {isa = PBXBuildFile; fileRef = D260A6BA1E5C4CA20069EFDE /* B84E8479-475C-4727-A4A4-B77AA9980897.png */; };
		D260A6BD1E5D25150069EFDE /* CDD298B9-DCFA-47C4-BB32-5A0F779095AE.jpg in Resources */ = {isa = PBXBuildFile; fileRef = D260A6BC1E5D25150069EFDE /* CDD298B9-DCFA-47C4-BB32-5A0F779095AE.jpg */; };
		D260A6C31E5D2A7C0069EFDE /* UIImage+PPCategory.m in Sources */ = {isa = PBXBuildFile; fileRef = D260A6C21E5D2A7C0069EFDE /* UIImage+PPCategory.m */; };
		D260A6C91E5D659F0069EFDE /* ImageModel.m in Sources */ = {isa = PBXBuildFile; fileRef = D260A6C81E5D659F0069EFDE /* ImageModel.m */; };
		D260A6CD1E5D65DE0069EFDE /* WZSTableViewCell.m in Sources */ = {isa = PBXBuildFile; fileRef = D260A6CB1E5D65DE0069EFDE /* WZSTableViewCell.m */; };
		D260A6CE1E5D65DE0069EFDE /* WZSTableViewCell.xib in Resources */ = {isa = PBXBuildFile; fileRef = D260A6CC1E5D65DE0069EFDE /* WZSTableViewCell.xib */; };
/* End PBXBuildFile section */

/* Begin PBXContainerItemProxy section */
		D260A57A1E5AD4DB0069EFDE /* PBXContainerItemProxy */ = {
			isa = PBXContainerItemProxy;
			containerPortal = D260A5581E5AD4DA0069EFDE /* Project object */;
			proxyType = 1;
			remoteGlobalIDString = D260A55F1E5AD4DA0069EFDE;
			remoteInfo = PhotoLibrary;
		};
		D260A5851E5AD4DB0069EFDE /* PBXContainerItemProxy */ = {
			isa = PBXContainerItemProxy;
			containerPortal = D260A5581E5AD4DA0069EFDE /* Project object */;
			proxyType = 1;
			remoteGlobalIDString = D260A55F1E5AD4DA0069EFDE;
			remoteInfo = PhotoLibrary;
		};
/* End PBXContainerItemProxy section */

/* Begin PBXFileReference section */
		5A3B33D4E5F8611966B21B75 /* Pods_PhotoLibrary.framework */ = {isa = PBXFileReference; explicitFileType = wrapper.framework; includeInIndex = 0; path = Pods_PhotoLibrary.framework; sourceTree = BUILT_PRODUCTS_DIR; };
		931FA58A6AB7BFCF95AE1DE3 /* Pods-PhotoLibrary.release.xcconfig */ = {isa = PBXFileReference; includeInIndex = 1; lastKnownFileType = text.xcconfig; name = "Pods-PhotoLibrary.release.xcconfig"; path = "Pods/Target Support Files/Pods-PhotoLibrary/Pods-PhotoLibrary.release.xcconfig"; sourceTree = "<group>"; };
		D260A5601E5AD4DA0069EFDE /* PhotoLibrary.app */ = {isa = PBXFileReference; explicitFileType = wrapper.application; includeInIndex = 0; path = PhotoLibrary.app; sourceTree = BUILT_PRODUCTS_DIR; };
		D260A5641E5AD4DA0069EFDE /* main.m */ = {isa = PBXFileReference; lastKnownFileType = sourcecode.c.objc; path = main.m; sourceTree = "<group>"; };
		D260A5661E5AD4DA0069EFDE /* AppDelegate.h */ = {isa = PBXFileReference; lastKnownFileType = sourcecode.c.h; path = AppDelegate.h; sourceTree = "<group>"; };
		D260A5671E5AD4DA0069EFDE /* AppDelegate.m */ = {isa = PBXFileReference; lastKnownFileType = sourcecode.c.objc; path = AppDelegate.m; sourceTree = "<group>"; };
		D260A5691E5AD4DA0069EFDE /* ViewController.h */ = {isa = PBXFileReference; lastKnownFileType = sourcecode.c.h; path = ViewController.h; sourceTree = "<group>"; };
		D260A56A1E5AD4DA0069EFDE /* ViewController.m */ = {isa = PBXFileReference; lastKnownFileType = sourcecode.c.objc; path = ViewController.m; sourceTree = "<group>"; };
		D260A56D1E5AD4DA0069EFDE /* Base */ = {isa = PBXFileReference; lastKnownFileType = file.storyboard; name = Base; path = Base.lproj/Main.storyboard; sourceTree = "<group>"; };
		D260A56F1E5AD4DA0069EFDE /* Assets.xcassets */ = {isa = PBXFileReference; lastKnownFileType = folder.assetcatalog; path = Assets.xcassets; sourceTree = "<group>"; };
		D260A5721E5AD4DA0069EFDE /* Base */ = {isa = PBXFileReference; lastKnownFileType = file.storyboard; name = Base; path = Base.lproj/LaunchScreen.storyboard; sourceTree = "<group>"; };
		D260A5741E5AD4DA0069EFDE /* Info.plist */ = {isa = PBXFileReference; lastKnownFileType = text.plist.xml; path = Info.plist; sourceTree = "<group>"; };
		D260A5791E5AD4DB0069EFDE /* PhotoLibraryTests.xctest */ = {isa = PBXFileReference; explicitFileType = wrapper.cfbundle; includeInIndex = 0; path = PhotoLibraryTests.xctest; sourceTree = BUILT_PRODUCTS_DIR; };
		D260A57D1E5AD4DB0069EFDE /* PhotoLibraryTests.m */ = {isa = PBXFileReference; lastKnownFileType = sourcecode.c.objc; path = PhotoLibraryTests.m; sourceTree = "<group>"; };
		D260A57F1E5AD4DB0069EFDE /* Info.plist */ = {isa = PBXFileReference; lastKnownFileType = text.plist.xml; path = Info.plist; sourceTree = "<group>"; };
		D260A5841E5AD4DB0069EFDE /* PhotoLibraryUITests.xctest */ = {isa = PBXFileReference; explicitFileType = wrapper.cfbundle; includeInIndex = 0; path = PhotoLibraryUITests.xctest; sourceTree = BUILT_PRODUCTS_DIR; };
		D260A5881E5AD4DB0069EFDE /* PhotoLibraryUITests.m */ = {isa = PBXFileReference; lastKnownFileType = sourcecode.c.objc; path = PhotoLibraryUITests.m; sourceTree = "<group>"; };
		D260A58A1E5AD4DB0069EFDE /* Info.plist */ = {isa = PBXFileReference; lastKnownFileType = text.plist.xml; path = Info.plist; sourceTree = "<group>"; };
		D260A5961E5AD62F0069EFDE /* NavViewController.h */ = {isa = PBXFileReference; fileEncoding = 4; lastKnownFileType = sourcecode.c.h; path = NavViewController.h; sourceTree = "<group>"; };
		D260A5971E5AD62F0069EFDE /* NavViewController.m */ = {isa = PBXFileReference; fileEncoding = 4; lastKnownFileType = sourcecode.c.objc; path = NavViewController.m; sourceTree = "<group>"; };
		D260A64A1E5AD9E80069EFDE /* ar */ = {isa = PBXFileReference; lastKnownFileType = text.plist.strings; name = ar; path = ar.lproj/CTAssetsPicker.strings; sourceTree = "<group>"; };
		D260A64C1E5AD9E80069EFDE /* da */ = {isa = PBXFileReference; lastKnownFileType = text.plist.strings; name = da; path = da.lproj/CTAssetsPicker.strings; sourceTree = "<group>"; };
		D260A64D1E5AD9E80069EFDE /* de */ = {isa = PBXFileReference; lastKnownFileType = text.plist.strings; name = de; path = de.lproj/CTAssetsPicker.strings; sourceTree = "<group>"; };
		D260A64E1E5AD9E80069EFDE /* en */ = {isa = PBXFileReference; lastKnownFileType = text.plist.strings; name = en; path = en.lproj/CTAssetsPicker.strings; sourceTree = "<group>"; };
		D260A64F1E5AD9E80069EFDE /* es-MX */ = {isa = PBXFileReference; lastKnownFileType = text.plist.strings; name = "es-MX"; path = "es-MX.lproj/CTAssetsPicker.strings"; sourceTree = "<group>"; };
		D260A6501E5AD9E80069EFDE /* es */ = {isa = PBXFileReference; lastKnownFileType = text.plist.strings; name = es; path = es.lproj/CTAssetsPicker.strings; sourceTree = "<group>"; };
		D260A6511E5AD9E80069EFDE /* fi */ = {isa = PBXFileReference; lastKnownFileType = text.plist.strings; name = fi; path = fi.lproj/CTAssetsPicker.strings; sourceTree = "<group>"; };
		D260A6521E5AD9E80069EFDE /* fr */ = {isa = PBXFileReference; lastKnownFileType = text.plist.strings; name = fr; path = fr.lproj/CTAssetsPicker.strings; sourceTree = "<group>"; };
		D260A6531E5AD9E80069EFDE /* he */ = {isa = PBXFileReference; lastKnownFileType = text.plist.strings; name = he; path = he.lproj/CTAssetsPicker.strings; sourceTree = "<group>"; };
		D260A6541E5AD9E80069EFDE /* hi-IN */ = {isa = PBXFileReference; lastKnownFileType = text.plist.strings; name = "hi-IN"; path = "hi-IN.lproj/CTAssetsPicker.strings"; sourceTree = "<group>"; };
		D260A6551E5AD9E80069EFDE /* hu */ = {isa = PBXFileReference; lastKnownFileType = text.plist.strings; name = hu; path = hu.lproj/CTAssetsPicker.strings; sourceTree = "<group>"; };
		D260A6561E5AD9E80069EFDE /* id */ = {isa = PBXFileReference; lastKnownFileType = text.plist.strings; name = id; path = id.lproj/CTAssetsPicker.strings; sourceTree = "<group>"; };
		D260A6571E5AD9E80069EFDE /* it */ = {isa = PBXFileReference; lastKnownFileType = text.plist.strings; name = it; path = it.lproj/CTAssetsPicker.strings; sourceTree = "<group>"; };
		D260A6581E5AD9E80069EFDE /* ja */ = {isa = PBXFileReference; lastKnownFileType = text.plist.strings; name = ja; path = ja.lproj/CTAssetsPicker.strings; sourceTree = "<group>"; };
		D260A6591E5AD9E80069EFDE /* ko */ = {isa = PBXFileReference; lastKnownFileType = text.plist.strings; name = ko; path = ko.lproj/CTAssetsPicker.strings; sourceTree = "<group>"; };
		D260A65A1E5AD9E80069EFDE /* nl-NL */ = {isa = PBXFileReference; lastKnownFileType = text.plist.strings; name = "nl-NL"; path = "nl-NL.lproj/CTAssetsPicker.strings"; sourceTree = "<group>"; };
		D260A65B1E5AD9E80069EFDE /* nl */ = {isa = PBXFileReference; lastKnownFileType = text.plist.strings; name = nl; path = nl.lproj/CTAssetsPicker.strings; sourceTree = "<group>"; };
		D260A65C1E5AD9E80069EFDE /* pt-PT */ = {isa = PBXFileReference; lastKnownFileType = text.plist.strings; name = "pt-PT"; path = "pt-PT.lproj/CTAssetsPicker.strings"; sourceTree = "<group>"; };
		D260A65D1E5AD9E80069EFDE /* pt */ = {isa = PBXFileReference; lastKnownFileType = text.plist.strings; name = pt; path = pt.lproj/CTAssetsPicker.strings; sourceTree = "<group>"; };
		D260A65E1E5AD9E80069EFDE /* ru */ = {isa = PBXFileReference; lastKnownFileType = text.plist.strings; name = ru; path = ru.lproj/CTAssetsPicker.strings; sourceTree = "<group>"; };
		D260A65F1E5AD9E80069EFDE /* sv */ = {isa = PBXFileReference; lastKnownFileType = text.plist.strings; name = sv; path = sv.lproj/CTAssetsPicker.strings; sourceTree = "<group>"; };
		D260A6601E5AD9E80069EFDE /* tr */ = {isa = PBXFileReference; lastKnownFileType = text.plist.strings; name = tr; path = tr.lproj/CTAssetsPicker.strings; sourceTree = "<group>"; };
		D260A6611E5AD9E80069EFDE /* zh-Hans */ = {isa = PBXFileReference; lastKnownFileType = text.plist.strings; name = "zh-Hans"; path = "zh-Hans.lproj/CTAssetsPicker.strings"; sourceTree = "<group>"; };
		D260A6621E5AD9E80069EFDE /* zh-Hant */ = {isa = PBXFileReference; lastKnownFileType = text.plist.strings; name = "zh-Hant"; path = "zh-Hant.lproj/CTAssetsPicker.strings"; sourceTree = "<group>"; };
		D260A6B71E5C45AC0069EFDE /* FileHash.h */ = {isa = PBXFileReference; fileEncoding = 4; lastKnownFileType = sourcecode.c.h; path = FileHash.h; sourceTree = "<group>"; };
		D260A6B81E5C45AC0069EFDE /* FileHash.m */ = {isa = PBXFileReference; fileEncoding = 4; lastKnownFileType = sourcecode.c.objc; path = FileHash.m; sourceTree = "<group>"; };
		D260A6BA1E5C4CA20069EFDE /* B84E8479-475C-4727-A4A4-B77AA9980897.png */ = {isa = PBXFileReference; lastKnownFileType = image.png; path = "B84E8479-475C-4727-A4A4-B77AA9980897.png"; sourceTree = "<group>"; };
		D260A6BC1E5D25150069EFDE /* CDD298B9-DCFA-47C4-BB32-5A0F779095AE.jpg */ = {isa = PBXFileReference; lastKnownFileType = image.jpeg; path = "CDD298B9-DCFA-47C4-BB32-5A0F779095AE.jpg"; sourceTree = "<group>"; };
		D260A6C11E5D2A7C0069EFDE /* UIImage+PPCategory.h */ = {isa = PBXFileReference; fileEncoding = 4; lastKnownFileType = sourcecode.c.h; path = "UIImage+PPCategory.h"; sourceTree = "<group>"; };
		D260A6C21E5D2A7C0069EFDE /* UIImage+PPCategory.m */ = {isa = PBXFileReference; fileEncoding = 4; lastKnownFileType = sourcecode.c.objc; path = "UIImage+PPCategory.m"; sourceTree = "<group>"; };
		D260A6C71E5D659F0069EFDE /* ImageModel.h */ = {isa = PBXFileReference; fileEncoding = 4; lastKnownFileType = sourcecode.c.h; path = ImageModel.h; sourceTree = "<group>"; };
		D260A6C81E5D659F0069EFDE /* ImageModel.m */ = {isa = PBXFileReference; fileEncoding = 4; lastKnownFileType = sourcecode.c.objc; path = ImageModel.m; sourceTree = "<group>"; };
		D260A6CA1E5D65DE0069EFDE /* WZSTableViewCell.h */ = {isa = PBXFileReference; fileEncoding = 4; lastKnownFileType = sourcecode.c.h; path = WZSTableViewCell.h; sourceTree = "<group>"; };
		D260A6CB1E5D65DE0069EFDE /* WZSTableViewCell.m */ = {isa = PBXFileReference; fileEncoding = 4; lastKnownFileType = sourcecode.c.objc; path = WZSTableViewCell.m; sourceTree = "<group>"; };
		D260A6CC1E5D65DE0069EFDE /* WZSTableViewCell.xib */ = {isa = PBXFileReference; fileEncoding = 4; lastKnownFileType = file.xib; path = WZSTableViewCell.xib; sourceTree = "<group>"; };
		E8A32AC0C8F430CE94D1C1F6 /* Pods-PhotoLibrary.debug.xcconfig */ = {isa = PBXFileReference; includeInIndex = 1; lastKnownFileType = text.xcconfig; name = "Pods-PhotoLibrary.debug.xcconfig"; path = "Pods/Target Support Files/Pods-PhotoLibrary/Pods-PhotoLibrary.debug.xcconfig"; sourceTree = "<group>"; };
/* End PBXFileReference section */

/* Begin PBXFrameworksBuildPhase section */
		D260A55D1E5AD4DA0069EFDE /* Frameworks */ = {
			isa = PBXFrameworksBuildPhase;
			buildActionMask = 2147483647;
			files = (
				4102B14BD1CAEC631690B069 /* Pods_PhotoLibrary.framework in Frameworks */,
			);
			runOnlyForDeploymentPostprocessing = 0;
		};
		D260A5761E5AD4DB0069EFDE /* Frameworks */ = {
			isa = PBXFrameworksBuildPhase;
			buildActionMask = 2147483647;
			files = (
			);
			runOnlyForDeploymentPostprocessing = 0;
		};
		D260A5811E5AD4DB0069EFDE /* Frameworks */ = {
			isa = PBXFrameworksBuildPhase;
			buildActionMask = 2147483647;
			files = (
			);
			runOnlyForDeploymentPostprocessing = 0;
		};
/* End PBXFrameworksBuildPhase section */

/* Begin PBXGroup section */
		51AFF9EF90B4326E54FBB338 /* Frameworks */ = {
			isa = PBXGroup;
			children = (
				5A3B33D4E5F8611966B21B75 /* Pods_PhotoLibrary.framework */,
			);
			name = Frameworks;
			sourceTree = "<group>";
		};
		CC13B9278426250EEE831213 /* Pods */ = {
			isa = PBXGroup;
			children = (
				E8A32AC0C8F430CE94D1C1F6 /* Pods-PhotoLibrary.debug.xcconfig */,
				931FA58A6AB7BFCF95AE1DE3 /* Pods-PhotoLibrary.release.xcconfig */,
			);
			name = Pods;
			sourceTree = "<group>";
		};
		D260A5571E5AD4DA0069EFDE = {
			isa = PBXGroup;
			children = (
				D260A5621E5AD4DA0069EFDE /* PhotoLibrary */,
				D260A57C1E5AD4DB0069EFDE /* PhotoLibraryTests */,
				D260A5871E5AD4DB0069EFDE /* PhotoLibraryUITests */,
				D260A5611E5AD4DA0069EFDE /* Products */,
				CC13B9278426250EEE831213 /* Pods */,
				51AFF9EF90B4326E54FBB338 /* Frameworks */,
			);
			sourceTree = "<group>";
		};
		D260A5611E5AD4DA0069EFDE /* Products */ = {
			isa = PBXGroup;
			children = (
				D260A5601E5AD4DA0069EFDE /* PhotoLibrary.app */,
				D260A5791E5AD4DB0069EFDE /* PhotoLibraryTests.xctest */,
				D260A5841E5AD4DB0069EFDE /* PhotoLibraryUITests.xctest */,
			);
			name = Products;
			sourceTree = "<group>";
		};
		D260A5621E5AD4DA0069EFDE /* PhotoLibrary */ = {
			isa = PBXGroup;
			children = (
				D260A5661E5AD4DA0069EFDE /* AppDelegate.h */,
				D260A5671E5AD4DA0069EFDE /* AppDelegate.m */,
				D260A5691E5AD4DA0069EFDE /* ViewController.h */,
				D260A56A1E5AD4DA0069EFDE /* ViewController.m */,
				D260A6C71E5D659F0069EFDE /* ImageModel.h */,
				D260A6C81E5D659F0069EFDE /* ImageModel.m */,
				D260A6CA1E5D65DE0069EFDE /* WZSTableViewCell.h */,
				D260A6CB1E5D65DE0069EFDE /* WZSTableViewCell.m */,
				D260A6CC1E5D65DE0069EFDE /* WZSTableViewCell.xib */,
				D260A6C11E5D2A7C0069EFDE /* UIImage+PPCategory.h */,
				D260A6C21E5D2A7C0069EFDE /* UIImage+PPCategory.m */,
				D260A6BC1E5D25150069EFDE /* CDD298B9-DCFA-47C4-BB32-5A0F779095AE.jpg */,
				D260A6BA1E5C4CA20069EFDE /* B84E8479-475C-4727-A4A4-B77AA9980897.png */,
				D260A6B61E5C45AC0069EFDE /* Library */,
				D260A6481E5AD9E80069EFDE /* Resources */,
				D260A5961E5AD62F0069EFDE /* NavViewController.h */,
				D260A5971E5AD62F0069EFDE /* NavViewController.m */,
				D260A56C1E5AD4DA0069EFDE /* Main.storyboard */,
				D260A56F1E5AD4DA0069EFDE /* Assets.xcassets */,
				D260A5711E5AD4DA0069EFDE /* LaunchScreen.storyboard */,
				D260A5741E5AD4DA0069EFDE /* Info.plist */,
				D260A5631E5AD4DA0069EFDE /* Supporting Files */,
			);
			path = PhotoLibrary;
			sourceTree = "<group>";
		};
		D260A5631E5AD4DA0069EFDE /* Supporting Files */ = {
			isa = PBXGroup;
			children = (
				D260A5641E5AD4DA0069EFDE /* main.m */,
			);
			name = "Supporting Files";
			sourceTree = "<group>";
		};
		D260A57C1E5AD4DB0069EFDE /* PhotoLibraryTests */ = {
			isa = PBXGroup;
			children = (
				D260A57D1E5AD4DB0069EFDE /* PhotoLibraryTests.m */,
				D260A57F1E5AD4DB0069EFDE /* Info.plist */,
			);
			path = PhotoLibraryTests;
			sourceTree = "<group>";
		};
		D260A5871E5AD4DB0069EFDE /* PhotoLibraryUITests */ = {
			isa = PBXGroup;
			children = (
				D260A5881E5AD4DB0069EFDE /* PhotoLibraryUITests.m */,
				D260A58A1E5AD4DB0069EFDE /* Info.plist */,
			);
			path = PhotoLibraryUITests;
			sourceTree = "<group>";
		};
		D260A6481E5AD9E80069EFDE /* Resources */ = {
			isa = PBXGroup;
			children = (
				D260A6491E5AD9E80069EFDE /* CTAssetsPicker.strings */,
			);
			path = Resources;
			sourceTree = "<group>";
		};
		D260A6B61E5C45AC0069EFDE /* Library */ = {
			isa = PBXGroup;
			children = (
				D260A6B71E5C45AC0069EFDE /* FileHash.h */,
				D260A6B81E5C45AC0069EFDE /* FileHash.m */,
			);
			path = Library;
			sourceTree = "<group>";
		};
/* End PBXGroup section */

/* Begin PBXNativeTarget section */
		D260A55F1E5AD4DA0069EFDE /* PhotoLibrary */ = {
			isa = PBXNativeTarget;
			buildConfigurationList = D260A58D1E5AD4DB0069EFDE /* Build configuration list for PBXNativeTarget "PhotoLibrary" */;
			buildPhases = (
				1BAA4890E3DA015A5CBEAF65 /* [CP] Check Pods Manifest.lock */,
				D260A55C1E5AD4DA0069EFDE /* Sources */,
				D260A55D1E5AD4DA0069EFDE /* Frameworks */,
				D260A55E1E5AD4DA0069EFDE /* Resources */,
				D6D77075F4C4B2C0EE8F312C /* [CP] Embed Pods Frameworks */,
				903BE5C301F7B631A0C1BC20 /* [CP] Copy Pods Resources */,
			);
			buildRules = (
			);
			dependencies = (
			);
			name = PhotoLibrary;
			productName = PhotoLibrary;
			productReference = D260A5601E5AD4DA0069EFDE /* PhotoLibrary.app */;
			productType = "com.apple.product-type.application";
		};
		D260A5781E5AD4DB0069EFDE /* PhotoLibraryTests */ = {
			isa = PBXNativeTarget;
			buildConfigurationList = D260A5901E5AD4DB0069EFDE /* Build configuration list for PBXNativeTarget "PhotoLibraryTests" */;
			buildPhases = (
				D260A5751E5AD4DB0069EFDE /* Sources */,
				D260A5761E5AD4DB0069EFDE /* Frameworks */,
				D260A5771E5AD4DB0069EFDE /* Resources */,
			);
			buildRules = (
			);
			dependencies = (
				D260A57B1E5AD4DB0069EFDE /* PBXTargetDependency */,
			);
			name = PhotoLibraryTests;
			productName = PhotoLibraryTests;
			productReference = D260A5791E5AD4DB0069EFDE /* PhotoLibraryTests.xctest */;
			productType = "com.apple.product-type.bundle.unit-test";
		};
		D260A5831E5AD4DB0069EFDE /* PhotoLibraryUITests */ = {
			isa = PBXNativeTarget;
			buildConfigurationList = D260A5931E5AD4DB0069EFDE /* Build configuration list for PBXNativeTarget "PhotoLibraryUITests" */;
			buildPhases = (
				D260A5801E5AD4DB0069EFDE /* Sources */,
				D260A5811E5AD4DB0069EFDE /* Frameworks */,
				D260A5821E5AD4DB0069EFDE /* Resources */,
			);
			buildRules = (
			);
			dependencies = (
				D260A5861E5AD4DB0069EFDE /* PBXTargetDependency */,
			);
			name = PhotoLibraryUITests;
			productName = PhotoLibraryUITests;
			productReference = D260A5841E5AD4DB0069EFDE /* PhotoLibraryUITests.xctest */;
			productType = "com.apple.product-type.bundle.ui-testing";
		};
/* End PBXNativeTarget section */

/* Begin PBXProject section */
		D260A5581E5AD4DA0069EFDE /* Project object */ = {
			isa = PBXProject;
			attributes = {
				LastUpgradeCheck = 0820;
				ORGANIZATIONNAME = gocomtech;
				TargetAttributes = {
					D260A55F1E5AD4DA0069EFDE = {
						CreatedOnToolsVersion = 8.2.1;
						DevelopmentTeam = 6KU368K7QY;
						ProvisioningStyle = Automatic;
					};
					D260A5781E5AD4DB0069EFDE = {
						CreatedOnToolsVersion = 8.2.1;
						ProvisioningStyle = Automatic;
						TestTargetID = D260A55F1E5AD4DA0069EFDE;
					};
					D260A5831E5AD4DB0069EFDE = {
						CreatedOnToolsVersion = 8.2.1;
						ProvisioningStyle = Automatic;
						TestTargetID = D260A55F1E5AD4DA0069EFDE;
					};
				};
			};
			buildConfigurationList = D260A55B1E5AD4DA0069EFDE /* Build configuration list for PBXProject "PhotoLibrary" */;
			compatibilityVersion = "Xcode 3.2";
			developmentRegion = English;
			hasScannedForEncodings = 0;
			knownRegions = (
				en,
				Base,
				ar,
				da,
				de,
				"es-MX",
				es,
				fi,
				fr,
				he,
				"hi-IN",
				hu,
				id,
				it,
				ja,
				ko,
				"nl-NL",
				nl,
				"pt-PT",
				pt,
				ru,
				sv,
				tr,
				"zh-Hans",
				"zh-Hant",
			);
			mainGroup = D260A5571E5AD4DA0069EFDE;
			productRefGroup = D260A5611E5AD4DA0069EFDE /* Products */;
			projectDirPath = "";
			projectRoot = "";
			targets = (
				D260A55F1E5AD4DA0069EFDE /* PhotoLibrary */,
				D260A5781E5AD4DB0069EFDE /* PhotoLibraryTests */,
				D260A5831E5AD4DB0069EFDE /* PhotoLibraryUITests */,
			);
		};
/* End PBXProject section */

/* Begin PBXResourcesBuildPhase section */
		D260A55E1E5AD4DA0069EFDE /* Resources */ = {
			isa = PBXResourcesBuildPhase;
			buildActionMask = 2147483647;
			files = (
				D260A5731E5AD4DA0069EFDE /* LaunchScreen.storyboard in Resources */,
				D260A6BB1E5C4CA20069EFDE /* B84E8479-475C-4727-A4A4-B77AA9980897.png in Resources */,
				D260A5701E5AD4DA0069EFDE /* Assets.xcassets in Resources */,
				D260A6631E5AD9E80069EFDE /* CTAssetsPicker.strings in Resources */,
				D260A6CE1E5D65DE0069EFDE /* WZSTableViewCell.xib in Resources */,
				D260A6BD1E5D25150069EFDE /* CDD298B9-DCFA-47C4-BB32-5A0F779095AE.jpg in Resources */,
				D260A56E1E5AD4DA0069EFDE /* Main.storyboard in Resources */,
			);
			runOnlyForDeploymentPostprocessing = 0;
		};
		D260A5771E5AD4DB0069EFDE /* Resources */ = {
			isa = PBXResourcesBuildPhase;
			buildActionMask = 2147483647;
			files = (
			);
			runOnlyForDeploymentPostprocessing = 0;
		};
		D260A5821E5AD4DB0069EFDE /* Resources */ = {
			isa = PBXResourcesBuildPhase;
			buildActionMask = 2147483647;
			files = (
			);
			runOnlyForDeploymentPostprocessing = 0;
		};
/* End PBXResourcesBuildPhase section */

/* Begin PBXShellScriptBuildPhase section */
		1BAA4890E3DA015A5CBEAF65 /* [CP] Check Pods Manifest.lock */ = {
			isa = PBXShellScriptBuildPhase;
			buildActionMask = 2147483647;
			files = (
			);
			inputPaths = (
			);
			name = "[CP] Check Pods Manifest.lock";
			outputPaths = (
			);
			runOnlyForDeploymentPostprocessing = 0;
			shellPath = /bin/sh;
			shellScript = "diff \"${PODS_ROOT}/../Podfile.lock\" \"${PODS_ROOT}/Manifest.lock\" > /dev/null\nif [ $? != 0 ] ; then\n    # print error to STDERR\n    echo \"error: The sandbox is not in sync with the Podfile.lock. Run 'pod install' or update your CocoaPods installation.\" >&2\n    exit 1\nfi\n";
			showEnvVarsInLog = 0;
		};
		903BE5C301F7B631A0C1BC20 /* [CP] Copy Pods Resources */ = {
			isa = PBXShellScriptBuildPhase;
			buildActionMask = 2147483647;
			files = (
			);
			inputPaths = (
			);
			name = "[CP] Copy Pods Resources";
			outputPaths = (
			);
			runOnlyForDeploymentPostprocessing = 0;
			shellPath = /bin/sh;
			shellScript = "\"${SRCROOT}/Pods/Target Support Files/Pods-PhotoLibrary/Pods-PhotoLibrary-resources.sh\"\n";
			showEnvVarsInLog = 0;
		};
		D6D77075F4C4B2C0EE8F312C /* [CP] Embed Pods Frameworks */ = {
			isa = PBXShellScriptBuildPhase;
			buildActionMask = 2147483647;
			files = (
			);
			inputPaths = (
			);
			name = "[CP] Embed Pods Frameworks";
			outputPaths = (
			);
			runOnlyForDeploymentPostprocessing = 0;
			shellPath = /bin/sh;
			shellScript = "\"${SRCROOT}/Pods/Target Support Files/Pods-PhotoLibrary/Pods-PhotoLibrary-frameworks.sh\"\n";
			showEnvVarsInLog = 0;
		};
/* End PBXShellScriptBuildPhase section */

/* Begin PBXSourcesBuildPhase section */
		D260A55C1E5AD4DA0069EFDE /* Sources */ = {
			isa = PBXSourcesBuildPhase;
			buildActionMask = 2147483647;
			files = (
				D260A6B91E5C45AC0069EFDE /* FileHash.m in Sources */,
				D260A6C31E5D2A7C0069EFDE /* UIImage+PPCategory.m in Sources */,
				D260A6C91E5D659F0069EFDE /* ImageModel.m in Sources */,
				D260A56B1E5AD4DA0069EFDE /* ViewController.m in Sources */,
				D260A6CD1E5D65DE0069EFDE /* WZSTableViewCell.m in Sources */,
				D260A5681E5AD4DA0069EFDE /* AppDelegate.m in Sources */,
				D260A5981E5AD62F0069EFDE /* NavViewController.m in Sources */,
				D260A5651E5AD4DA0069EFDE /* main.m in Sources */,
			);
			runOnlyForDeploymentPostprocessing = 0;
		};
		D260A5751E5AD4DB0069EFDE /* Sources */ = {
			isa = PBXSourcesBuildPhase;
			buildActionMask = 2147483647;
			files = (
				D260A57E1E5AD4DB0069EFDE /* PhotoLibraryTests.m in Sources */,
			);
			runOnlyForDeploymentPostprocessing = 0;
		};
		D260A5801E5AD4DB0069EFDE /* Sources */ = {
			isa = PBXSourcesBuildPhase;
			buildActionMask = 2147483647;
			files = (
				D260A5891E5AD4DB0069EFDE /* PhotoLibraryUITests.m in Sources */,
			);
			runOnlyForDeploymentPostprocessing = 0;
		};
/* End PBXSourcesBuildPhase section */

/* Begin PBXTargetDependency section */
		D260A57B1E5AD4DB0069EFDE /* PBXTargetDependency */ = {
			isa = PBXTargetDependency;
			target = D260A55F1E5AD4DA0069EFDE /* PhotoLibrary */;
			targetProxy = D260A57A1E5AD4DB0069EFDE /* PBXContainerItemProxy */;
		};
		D260A5861E5AD4DB0069EFDE /* PBXTargetDependency */ = {
			isa = PBXTargetDependency;
			target = D260A55F1E5AD4DA0069EFDE /* PhotoLibrary */;
			targetProxy = D260A5851E5AD4DB0069EFDE /* PBXContainerItemProxy */;
		};
/* End PBXTargetDependency section */

/* Begin PBXVariantGroup section */
		D260A56C1E5AD4DA0069EFDE /* Main.storyboard */ = {
			isa = PBXVariantGroup;
			children = (
				D260A56D1E5AD4DA0069EFDE /* Base */,
			);
			name = Main.storyboard;
			sourceTree = "<group>";
		};
		D260A5711E5AD4DA0069EFDE /* LaunchScreen.storyboard */ = {
			isa = PBXVariantGroup;
			children = (
				D260A5721E5AD4DA0069EFDE /* Base */,
			);
			name = LaunchScreen.storyboard;
			sourceTree = "<group>";
		};
		D260A6491E5AD9E80069EFDE /* CTAssetsPicker.strings */ = {
			isa = PBXVariantGroup;
			children = (
				D260A64A1E5AD9E80069EFDE /* ar */,
				D260A64C1E5AD9E80069EFDE /* da */,
				D260A64D1E5AD9E80069EFDE /* de */,
				D260A64E1E5AD9E80069EFDE /* en */,
				D260A64F1E5AD9E80069EFDE /* es-MX */,
				D260A6501E5AD9E80069EFDE /* es */,
				D260A6511E5AD9E80069EFDE /* fi */,
				D260A6521E5AD9E80069EFDE /* fr */,
				D260A6531E5AD9E80069EFDE /* he */,
				D260A6541E5AD9E80069EFDE /* hi-IN */,
				D260A6551E5AD9E80069EFDE /* hu */,
				D260A6561E5AD9E80069EFDE /* id */,
				D260A6571E5AD9E80069EFDE /* it */,
				D260A6581E5AD9E80069EFDE /* ja */,
				D260A6591E5AD9E80069EFDE /* ko */,
				D260A65A1E5AD9E80069EFDE /* nl-NL */,
				D260A65B1E5AD9E80069EFDE /* nl */,
				D260A65C1E5AD9E80069EFDE /* pt-PT */,
				D260A65D1E5AD9E80069EFDE /* pt */,
				D260A65E1E5AD9E80069EFDE /* ru */,
				D260A65F1E5AD9E80069EFDE /* sv */,
				D260A6601E5AD9E80069EFDE /* tr */,
				D260A6611E5AD9E80069EFDE /* zh-Hans */,
				D260A6621E5AD9E80069EFDE /* zh-Hant */,
			);
			name = CTAssetsPicker.strings;
			sourceTree = "<group>";
		};
/* End PBXVariantGroup section */

/* Begin XCBuildConfiguration section */
		D260A58B1E5AD4DB0069EFDE /* Debug */ = {
			isa = XCBuildConfiguration;
			buildSettings = {
				ALWAYS_SEARCH_USER_PATHS = NO;
				CLANG_ANALYZER_LOCALIZABILITY_NONLOCALIZED = YES;
				CLANG_ANALYZER_NONNULL = YES;
				CLANG_CXX_LANGUAGE_STANDARD = "gnu++0x";
				CLANG_CXX_LIBRARY = "libc++";
				CLANG_ENABLE_MODULES = YES;
				CLANG_ENABLE_OBJC_ARC = YES;
				CLANG_WARN_BOOL_CONVERSION = YES;
				CLANG_WARN_CONSTANT_CONVERSION = YES;
				CLANG_WARN_DIRECT_OBJC_ISA_USAGE = YES_ERROR;
				CLANG_WARN_DOCUMENTATION_COMMENTS = YES;
				CLANG_WARN_EMPTY_BODY = YES;
				CLANG_WARN_ENUM_CONVERSION = YES;
				CLANG_WARN_INFINITE_RECURSION = YES;
				CLANG_WARN_INT_CONVERSION = YES;
				CLANG_WARN_OBJC_ROOT_CLASS = YES_ERROR;
				CLANG_WARN_SUSPICIOUS_MOVE = YES;
				CLANG_WARN_UNREACHABLE_CODE = YES;
				CLANG_WARN__DUPLICATE_METHOD_MATCH = YES;
				"CODE_SIGN_IDENTITY[sdk=iphoneos*]" = "iPhone Developer";
				COPY_PHASE_STRIP = NO;
				DEBUG_INFORMATION_FORMAT = dwarf;
				ENABLE_STRICT_OBJC_MSGSEND = YES;
				ENABLE_TESTABILITY = YES;
				GCC_C_LANGUAGE_STANDARD = gnu99;
				GCC_DYNAMIC_NO_PIC = NO;
				GCC_NO_COMMON_BLOCKS = YES;
				GCC_OPTIMIZATION_LEVEL = 0;
				GCC_PREPROCESSOR_DEFINITIONS = (
					"DEBUG=1",
					"$(inherited)",
				);
				GCC_WARN_64_TO_32_BIT_CONVERSION = YES;
				GCC_WARN_ABOUT_RETURN_TYPE = YES_ERROR;
				GCC_WARN_UNDECLARED_SELECTOR = YES;
				GCC_WARN_UNINITIALIZED_AUTOS = YES_AGGRESSIVE;
				GCC_WARN_UNUSED_FUNCTION = YES;
				GCC_WARN_UNUSED_VARIABLE = YES;
				IPHONEOS_DEPLOYMENT_TARGET = 8.0;
				MTL_ENABLE_DEBUG_INFO = YES;
				ONLY_ACTIVE_ARCH = YES;
				SDKROOT = iphoneos;
			};
			name = Debug;
		};
		D260A58C1E5AD4DB0069EFDE /* Release */ = {
			isa = XCBuildConfiguration;
			buildSettings = {
				ALWAYS_SEARCH_USER_PATHS = NO;
				CLANG_ANALYZER_LOCALIZABILITY_NONLOCALIZED = YES;
				CLANG_ANALYZER_NONNULL = YES;
				CLANG_CXX_LANGUAGE_STANDARD = "gnu++0x";
				CLANG_CXX_LIBRARY = "libc++";
				CLANG_ENABLE_MODULES = YES;
				CLANG_ENABLE_OBJC_ARC = YES;
				CLANG_WARN_BOOL_CONVERSION = YES;
				CLANG_WARN_CONSTANT_CONVERSION = YES;
				CLANG_WARN_DIRECT_OBJC_ISA_USAGE = YES_ERROR;
				CLANG_WARN_DOCUMENTATION_COMMENTS = YES;
				CLANG_WARN_EMPTY_BODY = YES;
				CLANG_WARN_ENUM_CONVERSION = YES;
				CLANG_WARN_INFINITE_RECURSION = YES;
				CLANG_WARN_INT_CONVERSION = YES;
				CLANG_WARN_OBJC_ROOT_CLASS = YES_ERROR;
				CLANG_WARN_SUSPICIOUS_MOVE = YES;
				CLANG_WARN_UNREACHABLE_CODE = YES;
				CLANG_WARN__DUPLICATE_METHOD_MATCH = YES;
				"CODE_SIGN_IDENTITY[sdk=iphoneos*]" = "iPhone Developer";
				COPY_PHASE_STRIP = NO;
				DEBUG_INFORMATION_FORMAT = "dwarf-with-dsym";
				ENABLE_NS_ASSERTIONS = NO;
				ENABLE_STRICT_OBJC_MSGSEND = YES;
				GCC_C_LANGUAGE_STANDARD = gnu99;
				GCC_NO_COMMON_BLOCKS = YES;
				GCC_WARN_64_TO_32_BIT_CONVERSION = YES;
				GCC_WARN_ABOUT_RETURN_TYPE = YES_ERROR;
				GCC_WARN_UNDECLARED_SELECTOR = YES;
				GCC_WARN_UNINITIALIZED_AUTOS = YES_AGGRESSIVE;
				GCC_WARN_UNUSED_FUNCTION = YES;
				GCC_WARN_UNUSED_VARIABLE = YES;
				IPHONEOS_DEPLOYMENT_TARGET = 8.0;
				MTL_ENABLE_DEBUG_INFO = NO;
				SDKROOT = iphoneos;
				VALIDATE_PRODUCT = YES;
			};
			name = Release;
		};
		D260A58E1E5AD4DB0069EFDE /* Debug */ = {
			isa = XCBuildConfiguration;
			baseConfigurationReference = E8A32AC0C8F430CE94D1C1F6 /* Pods-PhotoLibrary.debug.xcconfig */;
			buildSettings = {
				ASSETCATALOG_COMPILER_APPICON_NAME = AppIcon;
				DEVELOPMENT_TEAM = 6KU368K7QY;
				INFOPLIST_FILE = PhotoLibrary/Info.plist;
				IPHONEOS_DEPLOYMENT_TARGET = 8.0;
				LD_RUNPATH_SEARCH_PATHS = "$(inherited) @executable_path/Frameworks";
				PRODUCT_BUNDLE_IDENTIFIER = com.smart.im.PhotoLibrary;
				PRODUCT_NAME = "$(TARGET_NAME)";
			};
			name = Debug;
		};
		D260A58F1E5AD4DB0069EFDE /* Release */ = {
			isa = XCBuildConfiguration;
			baseConfigurationReference = 931FA58A6AB7BFCF95AE1DE3 /* Pods-PhotoLibrary.release.xcconfig */;
			buildSettings = {
				ASSETCATALOG_COMPILER_APPICON_NAME = AppIcon;
				DEVELOPMENT_TEAM = 6KU368K7QY;
				INFOPLIST_FILE = PhotoLibrary/Info.plist;
				IPHONEOS_DEPLOYMENT_TARGET = 8.0;
				LD_RUNPATH_SEARCH_PATHS = "$(inherited) @executable_path/Frameworks";
				PRODUCT_BUNDLE_IDENTIFIER = com.smart.im.PhotoLibrary;
				PRODUCT_NAME = "$(TARGET_NAME)";
			};
			name = Release;
		};
		D260A5911E5AD4DB0069EFDE /* Debug */ = {
			isa = XCBuildConfiguration;
			buildSettings = {
				BUNDLE_LOADER = "$(TEST_HOST)";
				INFOPLIST_FILE = PhotoLibraryTests/Info.plist;
				LD_RUNPATH_SEARCH_PATHS = "$(inherited) @executable_path/Frameworks @loader_path/Frameworks";
				PRODUCT_BUNDLE_IDENTIFIER = com.smart.im.PhotoLibraryTests;
				PRODUCT_NAME = "$(TARGET_NAME)";
				TEST_HOST = "$(BUILT_PRODUCTS_DIR)/PhotoLibrary.app/PhotoLibrary";
			};
			name = Debug;
		};
		D260A5921E5AD4DB0069EFDE /* Release */ = {
			isa = XCBuildConfiguration;
			buildSettings = {
				BUNDLE_LOADER = "$(TEST_HOST)";
				INFOPLIST_FILE = PhotoLibraryTests/Info.plist;
				LD_RUNPATH_SEARCH_PATHS = "$(inherited) @executable_path/Frameworks @loader_path/Frameworks";
				PRODUCT_BUNDLE_IDENTIFIER = com.smart.im.PhotoLibraryTests;
				PRODUCT_NAME = "$(TARGET_NAME)";
				TEST_HOST = "$(BUILT_PRODUCTS_DIR)/PhotoLibrary.app/PhotoLibrary";
			};
			name = Release;
		};
		D260A5941E5AD4DB0069EFDE /* Debug */ = {
			isa = XCBuildConfiguration;
			buildSettings = {
				INFOPLIST_FILE = PhotoLibraryUITests/Info.plist;
				LD_RUNPATH_SEARCH_PATHS = "$(inherited) @executable_path/Frameworks @loader_path/Frameworks";
				PRODUCT_BUNDLE_IDENTIFIER = com.smart.im.PhotoLibraryUITests;
				PRODUCT_NAME = "$(TARGET_NAME)";
				TEST_TARGET_NAME = PhotoLibrary;
			};
			name = Debug;
		};
		D260A5951E5AD4DB0069EFDE /* Release */ = {
			isa = XCBuildConfiguration;
			buildSettings = {
				INFOPLIST_FILE = PhotoLibraryUITests/Info.plist;
				LD_RUNPATH_SEARCH_PATHS = "$(inherited) @executable_path/Frameworks @loader_path/Frameworks";
				PRODUCT_BUNDLE_IDENTIFIER = com.smart.im.PhotoLibraryUITests;
				PRODUCT_NAME = "$(TARGET_NAME)";
				TEST_TARGET_NAME = PhotoLibrary;
			};
			name = Release;
		};
/* End XCBuildConfiguration section */

/* Begin XCConfigurationList section */
		D260A55B1E5AD4DA0069EFDE /* Build configuration list for PBXProject "PhotoLibrary" */ = {
			isa = XCConfigurationList;
			buildConfigurations = (
				D260A58B1E5AD4DB0069EFDE /* Debug */,
				D260A58C1E5AD4DB0069EFDE /* Release */,
			);
			defaultConfigurationIsVisible = 0;
			defaultConfigurationName = Release;
		};
		D260A58D1E5AD4DB0069EFDE /* Build configuration list for PBXNativeTarget "PhotoLibrary" */ = {
			isa = XCConfigurationList;
			buildConfigurations = (
				D260A58E1E5AD4DB0069EFDE /* Debug */,
				D260A58F1E5AD4DB0069EFDE /* Release */,
			);
			defaultConfigurationIsVisible = 0;
			defaultConfigurationName = Release;
		};
		D260A5901E5AD4DB0069EFDE /* Build configuration list for PBXNativeTarget "PhotoLibraryTests" */ = {
			isa = XCConfigurationList;
			buildConfigurations = (
				D260A5911E5AD4DB0069EFDE /* Debug */,
				D260A5921E5AD4DB0069EFDE /* Release */,
			);
			defaultConfigurationIsVisible = 0;
			defaultConfigurationName = Release;
		};
		D260A5931E5AD4DB0069EFDE /* Build configuration list for PBXNativeTarget "PhotoLibraryUITests" */ = {
			isa = XCConfigurationList;
			buildConfigurations = (
				D260A5941E5AD4DB0069EFDE /* Debug */,
				D260A5951E5AD4DB0069EFDE /* Release */,
			);
			defaultConfigurationIsVisible = 0;
			defaultConfigurationName = Release;
		};
/* End XCConfigurationList section */
	};
	rootObject = D260A5581E5AD4DA0069EFDE /* Project object */;
}
